<Solution>
  <Folder Name="/Framework/">
    <Project Path="src/Framework/Nova.Framework.AI/Nova.Framework.AI.csproj" />
    <Project Path="src/Framework/Nova.Framework.Application/Nova.Framework.Application.csproj" />
    <Project Path="src/Framework/Nova.Framework.Authorization/Nova.Framework.Authorization.csproj" />
    <Project Path="src/Framework/Nova.Framework.Domain/Nova.Framework.Domain.csproj" />
    <Project Path="src/Framework/Nova.Framework.EventBus/Nova.Framework.EventBus.csproj" />
    <Project Path="src/Framework/Nova.Framework.Infrastructure/Nova.Framework.Infrastructure.csproj" />
    <Project Path="src/Framework/Nova.Framework.Jobs/Nova.Framework.Jobs.csproj" />
    <Project Path="src/Framework/Nova.Framework.Messaging/Nova.Framework.Messaging.csproj" />
    <Project Path="src/Framework/Nova.Framework.MultiTenancy/Nova.Framework.MultiTenancy.csproj" />
    <Project Path="src/Framework/Nova.Framework.Persistence/Nova.Framework.Persistence.csproj" />
    <Project Path="src/Framework/Nova.Framework.Shared/Nova.Framework.Shared.csproj" />
    <Project Path="src/Framework/Nova.Framework.Storage/Nova.Framework.Storage.csproj" />
    <Project Path="src/Framework/Nova.Framework.Web/Nova.Framework.Web.csproj" />
  </Folder>
  <Folder Name="/Host/">
    <Project Path="src/Host/Nova.WebApi/Nova.WebApi.csproj" />
  </Folder>
  <Folder Name="/Modules/" />
  <Folder Name="/Modules/Agent/">
    <Project Path="src/Modules/Agent/Nova.Modules.Agent.Api/Nova.Modules.Agent.Api.csproj" />
    <Project Path="src/Modules/Agent/Nova.Modules.Agent.Application/Nova.Modules.Agent.Application.csproj" />
    <Project Path="src/Modules/Agent/Nova.Modules.Agent.Domain/Nova.Modules.Agent.Domain.csproj" />
    <Project Path="src/Modules/Agent/Nova.Modules.Agent.Infrastructure/Nova.Modules.Agent.Infrastructure.csproj" />
  </Folder>
  <Folder Name="/Modules/Audit/">
    <Project Path="src/Modules/Audit/Nova.Modules.Audit.Api/Nova.Modules.Audit.Api.csproj" />
    <Project Path="src/Modules/Audit/Nova.Modules.Audit.Application/Nova.Modules.Audit.Application.csproj" />
    <Project Path="src/Modules/Audit/Nova.Modules.Audit.Domain/Nova.Modules.Audit.Domain.csproj" />
    <Project Path="src/Modules/Audit/Nova.Modules.Audit.Infrastructure/Nova.Modules.Audit.Infrastructure.csproj" />
  </Folder>
  <Folder Name="/Modules/Billing/">
    <Project Path="src/Modules/Billing/Nova.Modules.Billing.Api/Nova.Modules.Billing.Api.csproj" />
    <Project Path="src/Modules/Billing/Nova.Modules.Billing.Application/Nova.Modules.Billing.Application.csproj" />
    <Project Path="src/Modules/Billing/Nova.Modules.Billing.Domain/Nova.Modules.Billing.Domain.csproj" />
    <Project Path="src/Modules/Billing/Nova.Modules.Billing.Infrastructure/Nova.Modules.Billing.Infrastructure.csproj" />
  </Folder>
  <Folder Name="/Modules/Chat/">
    <Project Path="src/Modules/Chat/Nova.Modules.Chat.Api/Nova.Modules.Chat.Api.csproj" />
    <Project Path="src/Modules/Chat/Nova.Modules.Chat.Application/Nova.Modules.Chat.Application.csproj" />
    <Project Path="src/Modules/Chat/Nova.Modules.Chat.Domain/Nova.Modules.Chat.Domain.csproj" />
    <Project Path="src/Modules/Chat/Nova.Modules.Chat.Infrastructure/Nova.Modules.Chat.Infrastructure.csproj" />
  </Folder>
  <Folder Name="/Modules/Identity/">
    <Project Path="src/Modules/Identity/Nova.Modules.Identity.Api/Nova.Modules.Identity.Api.csproj" />
    <Project Path="src/Modules/Identity/Nova.Modules.Identity.Application/Nova.Modules.Identity.Application.csproj" />
    <Project Path="src/Modules/Identity/Nova.Modules.Identity.Domain/Nova.Modules.Identity.Domain.csproj" />
    <Project Path="src/Modules/Identity/Nova.Modules.Identity.Infrastructure/Nova.Modules.Identity.Infrastructure.csproj" />
  </Folder>
  <Folder Name="/Modules/Knowledge/">
    <Project Path="src/Modules/Knowledge/Nova.Modules.Knowledge.Api/Nova.Modules.Knowledge.Api.csproj" />
    <Project Path="src/Modules/Knowledge/Nova.Modules.Knowledge.Application/Nova.Modules.Knowledge.Application.csproj" />
    <Project Path="src/Modules/Knowledge/Nova.Modules.Knowledge.Domain/Nova.Modules.Knowledge.Domain.csproj" />
    <Project Path="src/Modules/Knowledge/Nova.Modules.Knowledge.Infrastructure/Nova.Modules.Knowledge.Infrastructure.csproj" />
  </Folder>
  <Folder Name="/Modules/MCP/">
    <Project Path="src/Modules/MCP/Nova.Modules.MCP.Api/Nova.Modules.MCP.Api.csproj" />
    <Project Path="src/Modules/MCP/Nova.Modules.MCP.Application/Nova.Modules.MCP.Application.csproj" />
    <Project Path="src/Modules/MCP/Nova.Modules.MCP.Domain/Nova.Modules.MCP.Domain.csproj" />
    <Project Path="src/Modules/MCP/Nova.Modules.MCP.Infrastructure/Nova.Modules.MCP.Infrastructure.csproj" />
  </Folder>
  <Folder Name="/Modules/Memory/">
    <Project Path="src/Modules/Memory/Nova.Modules.Memory.Api/Nova.Modules.Memory.Api.csproj" />
    <Project Path="src/Modules/Memory/Nova.Modules.Memory.Application/Nova.Modules.Memory.Application.csproj" />
    <Project Path="src/Modules/Memory/Nova.Modules.Memory.Domain/Nova.Modules.Memory.Domain.csproj" />
    <Project Path="src/Modules/Memory/Nova.Modules.Memory.Infrastructure/Nova.Modules.Memory.Infrastructure.csproj" />
  </Folder>
  <Folder Name="/Modules/Model/">
    <Project Path="src/Modules/Model/Nova.Modules.Model.Api/Nova.Modules.Model.Api.csproj" />
    <Project Path="src/Modules/Model/Nova.Modules.Model.Application/Nova.Modules.Model.Application.csproj" />
    <Project Path="src/Modules/Model/Nova.Modules.Model.Domain/Nova.Modules.Model.Domain.csproj" />
    <Project Path="src/Modules/Model/Nova.Modules.Model.Infrastructure/Nova.Modules.Model.Infrastructure.csproj" />
  </Folder>
  <Folder Name="/Modules/Multitenancy/">
    <Project Path="src/Modules/Multitenancy/Nova.Modules.Multitenancy.Api/Nova.Modules.Multitenancy.Api.csproj" />
    <Project Path="src/Modules/Multitenancy/Nova.Modules.Multitenancy.Application/Nova.Modules.Multitenancy.Application.csproj" />
    <Project Path="src/Modules/Multitenancy/Nova.Modules.Multitenancy.Domain/Nova.Modules.Multitenancy.Domain.csproj" />
    <Project Path="src/Modules/Multitenancy/Nova.Modules.Multitenancy.Infrastructure/Nova.Modules.Multitenancy.Infrastructure.csproj" />
  </Folder>
  <Folder Name="/Modules/Notification/">
    <Project Path="src/Modules/Notification/Nova.Modules.Notification.Api/Nova.Modules.Notification.Api.csproj" />
    <Project Path="src/Modules/Notification/Nova.Modules.Notification.Application/Nova.Modules.Notification.Application.csproj" />
    <Project Path="src/Modules/Notification/Nova.Modules.Notification.Domain/Nova.Modules.Notification.Domain.csproj" />
    <Project Path="src/Modules/Notification/Nova.Modules.Notification.Infrastructure/Nova.Modules.Notification.Infrastructure.csproj" />
  </Folder>
  <Folder Name="/Modules/Prompt/">
    <Project Path="src/Modules/Prompt/Nova.Modules.Prompt.Api/Nova.Modules.Prompt.Api.csproj" />
    <Project Path="src/Modules/Prompt/Nova.Modules.Prompt.Application/Nova.Modules.Prompt.Application.csproj" />
    <Project Path="src/Modules/Prompt/Nova.Modules.Prompt.Domain/Nova.Modules.Prompt.Domain.csproj" />
    <Project Path="src/Modules/Prompt/Nova.Modules.Prompt.Infrastructure/Nova.Modules.Prompt.Infrastructure.csproj" />
  </Folder>
  <Folder Name="/Modules/Storage/">
    <Project Path="src/Modules/Storage/Nova.Modules.Storage.Api/Nova.Modules.Storage.Api.csproj" />
    <Project Path="src/Modules/Storage/Nova.Modules.Storage.Application/Nova.Modules.Storage.Application.csproj" />
    <Project Path="src/Modules/Storage/Nova.Modules.Storage.Domain/Nova.Modules.Storage.Domain.csproj" />
    <Project Path="src/Modules/Storage/Nova.Modules.Storage.Infrastructure/Nova.Modules.Storage.Infrastructure.csproj" />
  </Folder>
  <Folder Name="/Modules/Tool/">
    <Project Path="src/Modules/Tool/Nova.Modules.Tool.Api/Nova.Modules.Tool.Api.csproj" />
    <Project Path="src/Modules/Tool/Nova.Modules.Tool.Application/Nova.Modules.Tool.Application.csproj" />
    <Project Path="src/Modules/Tool/Nova.Modules.Tool.Domain/Nova.Modules.Tool.Domain.csproj" />
    <Project Path="src/Modules/Tool/Nova.Modules.Tool.Infrastructure/Nova.Modules.Tool.Infrastructure.csproj" />
  </Folder>
  <Folder Name="/Modules/Workflow/">
    <Project Path="src/Modules/Workflow/Nova.Modules.Workflow.Api/Nova.Modules.Workflow.Api.csproj" />
    <Project Path="src/Modules/Workflow/Nova.Modules.Workflow.Application/Nova.Modules.Workflow.Application.csproj" />
    <Project Path="src/Modules/Workflow/Nova.Modules.Workflow.Domain/Nova.Modules.Workflow.Domain.csproj" />
    <Project Path="src/Modules/Workflow/Nova.Modules.Workflow.Infrastructure/Nova.Modules.Workflow.Infrastructure.csproj" />
  </Folder>
  <Folder Name="/Modules/Workspace/">
    <Project Path="src/Modules/Workspace/Nova.Modules.Workspace.Api/Nova.Modules.Workspace.Api.csproj" />
    <Project Path="src/Modules/Workspace/Nova.Modules.Workspace.Application/Nova.Modules.Workspace.Application.csproj" />
    <Project Path="src/Modules/Workspace/Nova.Modules.Workspace.Domain/Nova.Modules.Workspace.Domain.csproj" />
    <Project Path="src/Modules/Workspace/Nova.Modules.Workspace.Infrastructure/Nova.Modules.Workspace.Infrastructure.csproj" />
  </Folder>
  <Folder Name="/Shared/">
    <Project Path="src/Shared/Nova.Contracts/Nova.Contracts.csproj" />
    <Project Path="src/Shared/Nova.Localization/Nova.Localization.csproj" />
  </Folder>
  <Folder Name="/Tests/">
    <Project Path="tests/Nova.ArchitectureTests/Nova.ArchitectureTests.csproj" />
    <Project Path="tests/Nova.IntegrationTests/Nova.IntegrationTests.csproj" />
    <Project Path="tests/Nova.UnitTests/Nova.UnitTests.csproj" />
  </Folder>
</Solution>
